
Microsoft Visual Studio Solution File, Format Version 12.00
# Visual Studio 14
VisualStudioVersion = 14.0.25420.1
MinimumVisualStudioVersion = 10.0.40219.1
Project("{E24C65DC-7377-472B-9ABA-BC803B73C61A}") = "ProjectLOS", "ProjectLOS\", "{FC1589DD-E4FB-4FAA-8F9B-77B7DC72B0DF}"
	ProjectSection(WebsiteProperties) = preProject
		TargetFrameworkMoniker = ".NETFramework,Version%3Dv4.5.2"
		Debug.AspNetCompiler.VirtualPath = "/localhost_57471"
		Debug.AspNetCompiler.PhysicalPath = "ProjectLOS\"
		Debug.AspNetCompiler.TargetPath = "PrecompiledWeb\localhost_57471\"
		Debug.AspNetCompiler.Updateable = "true"
		Debug.AspNetCompiler.ForceOverwrite = "true"
		Debug.AspNetCompiler.FixedNames = "false"
		Debug.AspNetCompiler.Debug = "True"
		Release.AspNetCompiler.VirtualPath = "/localhost_57471"
		Release.AspNetCompiler.PhysicalPath = "ProjectLOS\"
		Release.AspNetCompiler.TargetPath = "PrecompiledWeb\localhost_57471\"
		Release.AspNetCompiler.Updateable = "true"
		Release.AspNetCompiler.ForceOverwrite = "true"
		Release.AspNetCompiler.FixedNames = "false"
		Release.AspNetCompiler.Debug = "False"
		VWDPort = "57471"
		SlnRelativePath = "ProjectLOS\"
		DefaultWebSiteLanguage = "Visual C#"
	EndProjectSection
EndProject
Project("{8BB2217D-0F2D-49D1-97BC-3654ED321F3B}") = "WebAPI", "WebAPI\WebAPI.xproj", "{479E92FF-32BA-47FD-A031-215EBDAC637D}"
EndProject
Global
	GlobalSection(SolutionConfigurationPlatforms) = preSolution
		Debug|Any CPU = Debug|Any CPU
		Release|Any CPU = Release|Any CPU
	EndGlobalSection
	GlobalSection(ProjectConfigurationPlatforms) = postSolution
		{FC1589DD-E4FB-4FAA-8F9B-77B7DC72B0DF}.Debug|Any CPU.ActiveCfg = Debug|Any CPU
		{FC1589DD-E4FB-4FAA-8F9B-77B7DC72B0DF}.Debug|Any CPU.Build.0 = Debug|Any CPU
		{FC1589DD-E4FB-4FAA-8F9B-77B7DC72B0DF}.Release|Any CPU.ActiveCfg = Debug|Any CPU
		{FC1589DD-E4FB-4FAA-8F9B-77B7DC72B0DF}.Release|Any CPU.Build.0 = Debug|Any CPU
		{479E92FF-32BA-47FD-A031-215EBDAC637D}.Debug|Any CPU.ActiveCfg = Debug|Any CPU
		{479E92FF-32BA-47FD-A031-215EBDAC637D}.Debug|Any CPU.Build.0 = Debug|Any CPU
		{479E92FF-32BA-47FD-A031-215EBDAC637D}.Release|Any CPU.ActiveCfg = Release|Any CPU
		{479E92FF-32BA-47FD-A031-215EBDAC637D}.Release|Any CPU.Build.0 = Release|Any CPU
	EndGlobalSection
	GlobalSection(SolutionProperties) = preSolution
		HideSolutionNode = FALSE
	EndGlobalSection
EndGlobal
